// !$*UTF8*$!
{
	archiveVersion = 1;
	classes = {
	};
	objectVersion = 55;
	objects = {

/* Begin PBXBuildFile section */
		1228C8DD8DC03D58A625AC88 /* Pods_mySideMenu.framework in Frameworks */ = {isa = PBXBuildFile; fileRef = 36F4D39A60CE1EE45C77FB73 /* Pods_mySideMenu.framework */; };
		F9890C9D28446CF900B8E638 /* AppDelegate.swift in Sources */ = {isa = PBXBuildFile; fileRef = F9890C9C28446CF900B8E638 /* AppDelegate.swift */; };
		F9890C9F28446CF900B8E638 /* SceneDelegate.swift in Sources */ = {isa = PBXBuildFile; fileRef = F9890C9E28446CF900B8E638 /* SceneDelegate.swift */; };
		F9890CA128446CF900B8E638 /* ViewController.swift in Sources */ = {isa = PBXBuildFile; fileRef = F9890CA028446CF900B8E638 /* ViewController.swift */; };
		F9890CA428446CF900B8E638 /* Main.storyboard in Resources */ = {isa = PBXBuildFile; fileRef = F9890CA228446CF900B8E638 /* Main.storyboard */; };
		F9890CA628446CFB00B8E638 /* Assets.xcassets in Resources */ = {isa = PBXBuildFile; fileRef = F9890CA528446CFB00B8E638 /* Assets.xcassets */; };
		F9890CA928446CFB00B8E638 /* LaunchScreen.storyboard in Resources */ = {isa = PBXBuildFile; fileRef = F9890CA728446CFB00B8E638 /* LaunchScreen.storyboard */; };
		F9890CB128447F0700B8E638 /* MenuViewController.swift in Sources */ = {isa = PBXBuildFile; fileRef = F9890CB028447F0700B8E638 /* MenuViewController.swift */; };
		F9890CB32844C6A800B8E638 /* InfoViewController.swift in Sources */ = {isa = PBXBuildFile; fileRef = F9890CB22844C6A800B8E638 /* InfoViewController.swift */; };
		F9890CB52844C6C800B8E638 /* SettingsViewController.swift in Sources */ = {isa = PBXBuildFile; fileRef = F9890CB42844C6C800B8E638 /* SettingsViewController.swift */; };
/* End PBXBuildFile section */

/* Begin PBXFileReference section */
		36F4D39A60CE1EE45C77FB73 /* Pods_mySideMenu.framework */ = {isa = PBXFileReference; explicitFileType = wrapper.framework; includeInIndex = 0; path = Pods_mySideMenu.framework; sourceTree = BUILT_PRODUCTS_DIR; };
		6C0C29980FE0DC3657CB9B3D /* Pods-mySideMenu.release.xcconfig */ = {isa = PBXFileReference; includeInIndex = 1; lastKnownFileType = text.xcconfig; name = "Pods-mySideMenu.release.xcconfig"; path = "Target Support Files/Pods-mySideMenu/Pods-mySideMenu.release.xcconfig"; sourceTree = "<group>"; };
		D3404D546E4D636542D3ACB8 /* Pods-mySideMenu.debug.xcconfig */ = {isa = PBXFileReference; includeInIndex = 1; lastKnownFileType = text.xcconfig; name = "Pods-mySideMenu.debug.xcconfig"; path = "Target Support Files/Pods-mySideMenu/Pods-mySideMenu.debug.xcconfig"; sourceTree = "<group>"; };
		F9890C9928446CF900B8E638 /* mySideMenu.app */ = {isa = PBXFileReference; explicitFileType = wrapper.application; includeInIndex = 0; path = mySideMenu.app; sourceTree = BUILT_PRODUCTS_DIR; };
		F9890C9C28446CF900B8E638 /* AppDelegate.swift */ = {isa = PBXFileReference; lastKnownFileType = sourcecode.swift; path = AppDelegate.swift; sourceTree = "<group>"; };
		F9890C9E28446CF900B8E638 /* SceneDelegate.swift */ = {isa = PBXFileReference; lastKnownFileType = sourcecode.swift; path = SceneDelegate.swift; sourceTree = "<group>"; };
		F9890CA028446CF900B8E638 /* ViewController.swift */ = {isa = PBXFileReference; lastKnownFileType = sourcecode.swift; path = ViewController.swift; sourceTree = "<group>"; };
		F9890CA328446CF900B8E638 /* Base */ = {isa = PBXFileReference; lastKnownFileType = file.storyboard; name = Base; path = Base.lproj/Main.storyboard; sourceTree = "<group>"; };
		F9890CA528446CFB00B8E638 /* Assets.xcassets */ = {isa = PBXFileReference; lastKnownFileType = folder.assetcatalog; path = Assets.xcassets; sourceTree = "<group>"; };
		F9890CA828446CFB00B8E638 /* Base */ = {isa = PBXFileReference; lastKnownFileType = file.storyboard; name = Base; path = Base.lproj/LaunchScreen.storyboard; sourceTree = "<group>"; };
		F9890CAA28446CFB00B8E638 /* Info.plist */ = {isa = PBXFileReference; lastKnownFileType = text.plist.xml; path = Info.plist; sourceTree = "<group>"; };
		F9890CB028447F0700B8E638 /* MenuViewController.swift */ = {isa = PBXFileReference; lastKnownFileType = sourcecode.swift; path = MenuViewController.swift; sourceTree = "<group>"; };
		F9890CB22844C6A800B8E638 /* InfoViewController.swift */ = {isa = PBXFileReference; lastKnownFileType = sourcecode.swift; path = InfoViewController.swift; sourceTree = "<group>"; };
		F9890CB42844C6C800B8E638 /* SettingsViewController.swift */ = {isa = PBXFileReference; lastKnownFileType = sourcecode.swift; path = SettingsViewController.swift; sourceTree = "<group>"; };
/* End PBXFileReference section */

/* Begin PBXFrameworksBuildPhase section */
		F9890C9628446CF900B8E638 /* Frameworks */ = {
			isa = PBXFrameworksBuildPhase;
			buildActionMask = 2147483647;
			files = (
				1228C8DD8DC03D58A625AC88 /* Pods_mySideMenu.framework in Frameworks */,
			);
			runOnlyForDeploymentPostprocessing = 0;
		};
/* End PBXFrameworksBuildPhase section */

/* Begin PBXGroup section */
		23A3ADA94190554FEA026307 /* Pods */ = {
			isa = PBXGroup;
			children = (
				D3404D546E4D636542D3ACB8 /* Pods-mySideMenu.debug.xcconfig */,
				6C0C29980FE0DC3657CB9B3D /* Pods-mySideMenu.release.xcconfig */,
			);
			path = Pods;
			sourceTree = "<group>";
		};
		4770F76018E824570BDFBED0 /* Frameworks */ = {
			isa = PBXGroup;
			children = (
				36F4D39A60CE1EE45C77FB73 /* Pods_mySideMenu.framework */,
			);
			name = Frameworks;
			sourceTree = "<group>";
		};
		F9890C9028446CF900B8E638 = {
			isa = PBXGroup;
			children = (
				F9890C9B28446CF900B8E638 /* mySideMenu */,
				F9890C9A28446CF900B8E638 /* Products */,
				23A3ADA94190554FEA026307 /* Pods */,
				4770F76018E824570BDFBED0 /* Frameworks */,
			);
			sourceTree = "<group>";
		};
		F9890C9A28446CF900B8E638 /* Products */ = {
			isa = PBXGroup;
			children = (
				F9890C9928446CF900B8E638 /* mySideMenu.app */,
			);
			name = Products;
			sourceTree = "<group>";
		};
		F9890C9B28446CF900B8E638 /* mySideMenu */ = {
			isa = PBXGroup;
			children = (
				F9890C9C28446CF900B8E638 /* AppDelegate.swift */,
				F9890C9E28446CF900B8E638 /* SceneDelegate.swift */,
				F9890CA028446CF900B8E638 /* ViewController.swift */,
				F9890CB22844C6A800B8E638 /* InfoViewController.swift */,
				F9890CB42844C6C800B8E638 /* SettingsViewController.swift */,
				F9890CB028447F0700B8E638 /* MenuViewController.swift */,
				F9890CA228446CF900B8E638 /* Main.storyboard */,
				F9890CA528446CFB00B8E638 /* Assets.xcassets */,
				F9890CA728446CFB00B8E638 /* LaunchScreen.storyboard */,
				F9890CAA28446CFB00B8E638 /* Info.plist */,
			);
			path = mySideMenu;
			sourceTree = "<group>";
		};
/* End PBXGroup section */

/* Begin PBXNativeTarget section */
		F9890C9828446CF900B8E638 /* mySideMenu */ = {
			isa = PBXNativeTarget;
			buildConfigurationList = F9890CAD28446CFB00B8E638 /* Build configuration list for PBXNativeTarget "mySideMenu" */;
			buildPhases = (
				5FB31A938A71D94B701AA74D /* [CP] Check Pods Manifest.lock */,
				F9890C9528446CF900B8E638 /* Sources */,
				F9890C9628446CF900B8E638 /* Frameworks */,
				F9890C9728446CF900B8E638 /* Resources */,
				5B2643774AFA1819D4443C32 /* [CP] Embed Pods Frameworks */,
			);
			buildRules = (
			);
			dependencies = (
			);
			name = mySideMenu;
			productName = mySideMenu;
			productReference = F9890C9928446CF900B8E638 /* mySideMenu.app */;
			productType = "com.apple.product-type.application";
		};
/* End PBXNativeTarget section */

/* Begin PBXProject section */
		F9890C9128446CF900B8E638 /* Project object */ = {
			isa = PBXProject;
			attributes = {
				BuildIndependentTargetsInParallel = 1;
				LastSwiftUpdateCheck = 1320;
				LastUpgradeCheck = 1320;
				TargetAttributes = {
					F9890C9828446CF900B8E638 = {
						CreatedOnToolsVersion = 13.2.1;
					};
				};
			};
			buildConfigurationList = F9890C9428446CF900B8E638 /* Build configuration list for PBXProject "mySideMenu" */;
			compatibilityVersion = "Xcode 13.0";
			developmentRegion = en;
			hasScannedForEncodings = 0;
			knownRegions = (
				en,
				Base,
			);
			mainGroup = F9890C9028446CF900B8E638;
			productRefGroup = F9890C9A28446CF900B8E638 /* Products */;
			projectDirPath = "";
			projectRoot = "";
			targets = (
				F9890C9828446CF900B8E638 /* mySideMenu */,
			);
		};
/* End PBXProject section */

/* Begin PBXResourcesBuildPhase section */
		F9890C9728446CF900B8E638 /* Resources */ = {
			isa = PBXResourcesBuildPhase;
			buildActionMask = 2147483647;
			files = (
				F9890CA928446CFB00B8E638 /* LaunchScreen.storyboard in Resources */,
				F9890CA628446CFB00B8E638 /* Assets.xcassets in Resources */,
				F9890CA428446CF900B8E638 /* Main.storyboard in Resources */,
			);
			runOnlyForDeploymentPostprocessing = 0;
		};
/* End PBXResourcesBuildPhase section */

/* Begin PBXShellScriptBuildPhase section */
		5B2643774AFA1819D4443C32 /* [CP] Embed Pods Frameworks */ = {
			isa = PBXShellScriptBuildPhase;
			buildActionMask = 2147483647;
			files = (
			);
			inputFileListPaths = (
				"${PODS_ROOT}/Target Support Files/Pods-mySideMenu/Pods-mySideMenu-frameworks-${CONFIGURATION}-input-files.xcfilelist",
			);
			name = "[CP] Embed Pods Frameworks";
			outputFileListPaths = (
				"${PODS_ROOT}/Target Support Files/Pods-mySideMenu/Pods-mySideMenu-frameworks-${CONFIGURATION}-output-files.xcfilelist",
			);
			runOnlyForDeploymentPostprocessing = 0;
			shellPath = /bin/sh;
			shellScript = "\"${PODS_ROOT}/Target Support Files/Pods-mySideMenu/Pods-mySideMenu-frameworks.sh\"\n";
			showEnvVarsInLog = 0;
		};
		5FB31A938A71D94B701AA74D /* [CP] Check Pods Manifest.lock */ = {
			isa = PBXShellScriptBuildPhase;
			buildActionMask = 2147483647;
			files = (
			);
			inputFileListPaths = (
			);
			inputPaths = (
				"${PODS_PODFILE_DIR_PATH}/Podfile.lock",
				"${PODS_ROOT}/Manifest.lock",
			);
			name = "[CP] Check Pods Manifest.lock";
			outputFileListPaths = (
			);
			outputPaths = (
				"$(DERIVED_FILE_DIR)/Pods-mySideMenu-checkManifestLockResult.txt",
			);
			runOnlyForDeploymentPostprocessing = 0;
			shellPath = /bin/sh;
			shellScript = "diff \"${PODS_PODFILE_DIR_PATH}/Podfile.lock\" \"${PODS_ROOT}/Manifest.lock\" > /dev/null\nif [ $? != 0 ] ; then\n    # print error to STDERR\n    echo \"error: The sandbox is not in sync with the Podfile.lock. Run 'pod install' or update your CocoaPods installation.\" >&2\n    exit 1\nfi\n# This output is used by Xcode 'outputs' to avoid re-running this script phase.\necho \"SUCCESS\" > \"${SCRIPT_OUTPUT_FILE_0}\"\n";
			showEnvVarsInLog = 0;
		};
/* End PBXShellScriptBuildPhase section */

/* Begin PBXSourcesBuildPhase section */
		F9890C9528446CF900B8E638 /* Sources */ = {
			isa = PBXSourcesBuildPhase;
			buildActionMask = 2147483647;
			files = (
				F9890CB52844C6C800B8E638 /* SettingsViewController.swift in Sources */,
				F9890CB128447F0700B8E638 /* MenuViewController.swift in Sources */,
				F9890CA128446CF900B8E638 /* ViewController.swift in Sources */,
				F9890C9D28446CF900B8E638 /* AppDelegate.swift in Sources */,
				F9890CB32844C6A800B8E638 /* InfoViewController.swift in Sources */,
				F9890C9F28446CF900B8E638 /* SceneDelegate.swift in Sources */,
			);
			runOnlyForDeploymentPostprocessing = 0;
		};
/* End PBXSourcesBuildPhase section */

/* Begin PBXVariantGroup section */
		F9890CA228446CF900B8E638 /* Main.storyboard */ = {
			isa = PBXVariantGroup;
			children = (
				F9890CA328446CF900B8E638 /* Base */,
			);
			name = Main.storyboard;
			sourceTree = "<group>";
		};
		F9890CA728446CFB00B8E638 /* LaunchScreen.storyboard */ = {
			isa = PBXVariantGroup;
			children = (
				F9890CA828446CFB00B8E638 /* Base */,
			);
			name = LaunchScreen.storyboard;
			sourceTree = "<group>";
		};
/* End PBXVariantGroup section */

/* Begin XCBuildConfiguration section */
		F9890CAB28446CFB00B8E638 /* Debug */ = {
			isa = XCBuildConfiguration;
			buildSettings = {
				ALWAYS_SEARCH_USER_PATHS = NO;
				CLANG_ANALYZER_NONNULL = YES;
				CLANG_ANALYZER_NUMBER_OBJECT_CONVERSION = YES_AGGRESSIVE;
				CLANG_CXX_LANGUAGE_STANDARD = "gnu++17";
				CLANG_CXX_LIBRARY = "libc++";
				CLANG_ENABLE_MODULES = YES;
				CLANG_ENABLE_OBJC_ARC = YES;
				CLANG_ENABLE_OBJC_WEAK = YES;
				CLANG_WARN_BLOCK_CAPTURE_AUTORELEASING = YES;
				CLANG_WARN_BOOL_CONVERSION = YES;
				CLANG_WARN_COMMA = YES;
				CLANG_WARN_CONSTANT_CONVERSION = YES;
				CLANG_WARN_DEPRECATED_OBJC_IMPLEMENTATIONS = YES;
				CLANG_WARN_DIRECT_OBJC_ISA_USAGE = YES_ERROR;
				CLANG_WARN_DOCUMENTATION_COMMENTS = YES;
				CLANG_WARN_EMPTY_BODY = YES;
				CLANG_WARN_ENUM_CONVERSION = YES;
				CLANG_WARN_INFINITE_RECURSION = YES;
				CLANG_WARN_INT_CONVERSION = YES;
				CLANG_WARN_NON_LITERAL_NULL_CONVERSION = YES;
				CLANG_WARN_OBJC_IMPLICIT_RETAIN_SELF = YES;
				CLANG_WARN_OBJC_LITERAL_CONVERSION = YES;
				CLANG_WARN_OBJC_ROOT_CLASS = YES_ERROR;
				CLANG_WARN_QUOTED_INCLUDE_IN_FRAMEWORK_HEADER = YES;
				CLANG_WARN_RANGE_LOOP_ANALYSIS = YES;
				CLANG_WARN_STRICT_PROTOTYPES = YES;
				CLANG_WARN_SUSPICIOUS_MOVE = YES;
				CLANG_WARN_UNGUARDED_AVAILABILITY = YES_AGGRESSIVE;
				CLANG_WARN_UNREACHABLE_CODE = YES;
				CLANG_WARN__DUPLICATE_METHOD_MATCH = YES;
				COPY_PHASE_STRIP = NO;
				DEBUG_INFORMATION_FORMAT = dwarf;
				ENABLE_STRICT_OBJC_MSGSEND = YES;
				ENABLE_TESTABILITY = YES;
				GCC_C_LANGUAGE_STANDARD = gnu11;
				GCC_DYNAMIC_NO_PIC = NO;
				GCC_NO_COMMON_BLOCKS = YES;
				GCC_OPTIMIZATION_LEVEL = 0;
				GCC_PREPROCESSOR_DEFINITIONS = (
					"DEBUG=1",
					"$(inherited)",
				);
				GCC_WARN_64_TO_32_BIT_CONVERSION = YES;
				GCC_WARN_ABOUT_RETURN_TYPE = YES_ERROR;
				GCC_WARN_UNDECLARED_SELECTOR = YES;
				GCC_WARN_UNINITIALIZED_AUTOS = YES_AGGRESSIVE;
				GCC_WARN_UNUSED_FUNCTION = YES;
				GCC_WARN_UNUSED_VARIABLE = YES;
				IPHONEOS_DEPLOYMENT_TARGET = 15.2;
				MTL_ENABLE_DEBUG_INFO = INCLUDE_SOURCE;
				MTL_FAST_MATH = YES;
				ONLY_ACTIVE_ARCH = YES;
				SDKROOT = iphoneos;
				SWIFT_ACTIVE_COMPILATION_CONDITIONS = DEBUG;
				SWIFT_OPTIMIZATION_LEVEL = "-Onone";
			};
			name = Debug;
		};
		F9890CAC28446CFB00B8E638 /* Release */ = {
			isa = XCBuildConfiguration;
			buildSettings = {
				ALWAYS_SEARCH_USER_PATHS = NO;
				CLANG_ANALYZER_NONNULL = YES;
				CLANG_ANALYZER_NUMBER_OBJECT_CONVERSION = YES_AGGRESSIVE;
				CLANG_CXX_LANGUAGE_STANDARD = "gnu++17";
				CLANG_CXX_LIBRARY = "libc++";
				CLANG_ENABLE_MODULES = YES;
				CLANG_ENABLE_OBJC_ARC = YES;
				CLANG_ENABLE_OBJC_WEAK = YES;
				CLANG_WARN_BLOCK_CAPTURE_AUTORELEASING = YES;
				CLANG_WARN_BOOL_CONVERSION = YES;
				CLANG_WARN_COMMA = YES;
				CLANG_WARN_CONSTANT_CONVERSION = YES;
				CLANG_WARN_DEPRECATED_OBJC_IMPLEMENTATIONS = YES;
				CLANG_WARN_DIRECT_OBJC_ISA_USAGE = YES_ERROR;
				CLANG_WARN_DOCUMENTATION_COMMENTS = YES;
				CLANG_WARN_EMPTY_BODY = YES;
				CLANG_WARN_ENUM_CONVERSION = YES;
				CLANG_WARN_INFINITE_RECURSION = YES;
				CLANG_WARN_INT_CONVERSION = YES;
				CLANG_WARN_NON_LITERAL_NULL_CONVERSION = YES;
				CLANG_WARN_OBJC_IMPLICIT_RETAIN_SELF = YES;
				CLANG_WARN_OBJC_LITERAL_CONVERSION = YES;
				CLANG_WARN_OBJC_ROOT_CLASS = YES_ERROR;
				CLANG_WARN_QUOTED_INCLUDE_IN_FRAMEWORK_HEADER = YES;
				CLANG_WARN_RANGE_LOOP_ANALYSIS = YES;
				CLANG_WARN_STRICT_PROTOTYPES = YES;
				CLANG_WARN_SUSPICIOUS_MOVE = YES;
				CLANG_WARN_UNGUARDED_AVAILABILITY = YES_AGGRESSIVE;
				CLANG_WARN_UNREACHABLE_CODE = YES;
				CLANG_WARN__DUPLICATE_METHOD_MATCH = YES;
				COPY_PHASE_STRIP = NO;
				DEBUG_INFORMATION_FORMAT = "dwarf-with-dsym";
				ENABLE_NS_ASSERTIONS = NO;
				ENABLE_STRICT_OBJC_MSGSEND = YES;
				GCC_C_LANGUAGE_STANDARD = gnu11;
				GCC_NO_COMMON_BLOCKS = YES;
				GCC_WARN_64_TO_32_BIT_CONVERSION = YES;
				GCC_WARN_ABOUT_RETURN_TYPE = YES_ERROR;
				GCC_WARN_UNDECLARED_SELECTOR = YES;
				GCC_WARN_UNINITIALIZED_AUTOS = YES_AGGRESSIVE;
				GCC_WARN_UNUSED_FUNCTION = YES;
				GCC_WARN_UNUSED_VARIABLE = YES;
				IPHONEOS_DEPLOYMENT_TARGET = 15.2;
				MTL_ENABLE_DEBUG_INFO = NO;
				MTL_FAST_MATH = YES;
				SDKROOT = iphoneos;
				SWIFT_COMPILATION_MODE = wholemodule;
				SWIFT_OPTIMIZATION_LEVEL = "-O";
				VALIDATE_PRODUCT = YES;
			};
			name = Release;
		};
		F9890CAE28446CFB00B8E638 /* Debug */ = {
			isa = XCBuildConfiguration;
			baseConfigurationReference = D3404D546E4D636542D3ACB8 /* Pods-mySideMenu.debug.xcconfig */;
			buildSettings = {
				ASSETCATALOG_COMPILER_APPICON_NAME = AppIcon;
				ASSETCATALOG_COMPILER_GLOBAL_ACCENT_COLOR_NAME = AccentColor;
				CODE_SIGN_STYLE = Automatic;
				CURRENT_PROJECT_VERSION = 1;
				DEVELOPMENT_TEAM = SX8S65N2D7;
				GENERATE_INFOPLIST_FILE = YES;
				INFOPLIST_FILE = mySideMenu/Info.plist;
				INFOPLIST_KEY_UIApplicationSupportsIndirectInputEvents = YES;
				INFOPLIST_KEY_UILaunchStoryboardName = LaunchScreen;
				INFOPLIST_KEY_UIMainStoryboardFile = Main;
				INFOPLIST_KEY_UISupportedInterfaceOrientations_iPad = "UIInterfaceOrientationPortrait UIInterfaceOrientationPortraitUpsideDown UIInterfaceOrientationLandscapeLeft UIInterfaceOrientationLandscapeRight";
				INFOPLIST_KEY_UISupportedInterfaceOrientations_iPhone = "UIInterfaceOrientationPortrait UIInterfaceOrientationLandscapeLeft UIInterfaceOrientationLandscapeRight";
				LD_RUNPATH_SEARCH_PATHS = (
					"$(inherited)",
					"@executable_path/Frameworks",
				);
				MARKETING_VERSION = 1.0;
				PRODUCT_BUNDLE_IDENTIFIER = com.irvinseet.mySideMenu;
				PRODUCT_NAME = "$(TARGET_NAME)";
				SWIFT_EMIT_LOC_STRINGS = YES;
				SWIFT_VERSION = 5.0;
				TARGETED_DEVICE_FAMILY = "1,2";
			};
			name = Debug;
		};
		F9890CAF28446CFB00B8E638 /* Release */ = {
			isa = XCBuildConfiguration;
			baseConfigurationReference = 6C0C29980FE0DC3657CB9B3D /* Pods-mySideMenu.release.xcconfig */;
			buildSettings = {
				ASSETCATALOG_COMPILER_APPICON_NAME = AppIcon;
				ASSETCATALOG_COMPILER_GLOBAL_ACCENT_COLOR_NAME = AccentColor;
				CODE_SIGN_STYLE = Automatic;
				CURRENT_PROJECT_VERSION = 1;
				DEVELOPMENT_TEAM = SX8S65N2D7;
				GENERATE_INFOPLIST_FILE = YES;
				INFOPLIST_FILE = mySideMenu/Info.plist;
				INFOPLIST_KEY_UIApplicationSupportsIndirectInputEvents = YES;
				INFOPLIST_KEY_UILaunchStoryboardName = LaunchScreen;
				INFOPLIST_KEY_UIMainStoryboardFile = Main;
				INFOPLIST_KEY_UISupportedInterfaceOrientations_iPad = "UIInterfaceOrientationPortrait UIInterfaceOrientationPortraitUpsideDown UIInterfaceOrientationLandscapeLeft UIInterfaceOrientationLandscapeRight";
				INFOPLIST_KEY_UISupportedInterfaceOrientations_iPhone = "UIInterfaceOrientationPortrait UIInterfaceOrientationLandscapeLeft UIInterfaceOrientationLandscapeRight";
				LD_RUNPATH_SEARCH_PATHS = (
					"$(inherited)",
					"@executable_path/Frameworks",
				);
				MARKETING_VERSION = 1.0;
				PRODUCT_BUNDLE_IDENTIFIER = com.irvinseet.mySideMenu;
				PRODUCT_NAME = "$(TARGET_NAME)";
				SWIFT_EMIT_LOC_STRINGS = YES;
				SWIFT_VERSION = 5.0;
				TARGETED_DEVICE_FAMILY = "1,2";
			};
			name = Release;
		};
/* End XCBuildConfiguration section */

/* Begin XCConfigurationList section */
		F9890C9428446CF900B8E638 /* Build configuration list for PBXProject "mySideMenu" */ = {
			isa = XCConfigurationList;
			buildConfigurations = (
				F9890CAB28446CFB00B8E638 /* Debug */,
				F9890CAC28446CFB00B8E638 /* Release */,
			);
			defaultConfigurationIsVisible = 0;
			defaultConfigurationName = Release;
		};
		F9890CAD28446CFB00B8E638 /* Build configuration list for PBXNativeTarget "mySideMenu" */ = {
			isa = XCConfigurationList;
			buildConfigurations = (
				F9890CAE28446CFB00B8E638 /* Debug */,
				F9890CAF28446CFB00B8E638 /* Release */,
			);
			defaultConfigurationIsVisible = 0;
			defaultConfigurationName = Release;
		};
/* End XCConfigurationList section */
	};
	rootObject = F9890C9128446CF900B8E638 /* Project object */;
}
